Microsoft Visual Studio Solution File, Format Version 11.00
# Visual Studio 2008

Project("{133C08A9-9A72-DE9E-28E4-9FF9D2F4344E}") = "Spawner2", "Assembly-CSharp-firstpass.csproj", "{121566D4-7E50-ED4B-5A1A-B2CAF2919C8E}"
EndProject
Project("{133C08A9-9A72-DE9E-28E4-9FF9D2F4344E}") = "Spawner2", "Assembly-CSharp.csproj", "{18260B56-34DC-5179-AD6A-48EF1EB8EEE7}"
EndProject
Project("{133C08A9-9A72-DE9E-28E4-9FF9D2F4344E}") = "Spawner2", "Assembly-CSharp-Editor.csproj", "{9588025F-DFDE-5D2A-1F25-FFAE5E589FA8}"
EndProject
Global
	GlobalSection(SolutionConfigurationPlatforms) = preSolution
		Debug|Any CPU = Debug|Any CPU
		Release|Any CPU = Release|Any CPU
	EndGlobalSection
	GlobalSection(ProjectConfigurationPlatforms) = postSolution
		{121566D4-7E50-ED4B-5A1A-B2CAF2919C8E}.Debug|Any CPU.ActiveCfg = Debug|Any CPU
		{121566D4-7E50-ED4B-5A1A-B2CAF2919C8E}.Debug|Any CPU.Build.0 = Debug|Any CPU
		{121566D4-7E50-ED4B-5A1A-B2CAF2919C8E}.Release|Any CPU.ActiveCfg = Release|Any CPU
		{121566D4-7E50-ED4B-5A1A-B2CAF2919C8E}.Release|Any CPU.Build.0 = Release|Any CPU
		{18260B56-34DC-5179-AD6A-48EF1EB8EEE7}.Debug|Any CPU.ActiveCfg = Debug|Any CPU
		{18260B56-34DC-5179-AD6A-48EF1EB8EEE7}.Debug|Any CPU.Build.0 = Debug|Any CPU
		{18260B56-34DC-5179-AD6A-48EF1EB8EEE7}.Release|Any CPU.ActiveCfg = Release|Any CPU
		{18260B56-34DC-5179-AD6A-48EF1EB8EEE7}.Release|Any CPU.Build.0 = Release|Any CPU
		{9588025F-DFDE-5D2A-1F25-FFAE5E589FA8}.Debug|Any CPU.ActiveCfg = Debug|Any CPU
		{9588025F-DFDE-5D2A-1F25-FFAE5E589FA8}.Debug|Any CPU.Build.0 = Debug|Any CPU
		{9588025F-DFDE-5D2A-1F25-FFAE5E589FA8}.Release|Any CPU.ActiveCfg = Release|Any CPU
		{9588025F-DFDE-5D2A-1F25-FFAE5E589FA8}.Release|Any CPU.Build.0 = Release|Any CPU
	EndGlobalSection
	GlobalSection(SolutionProperties) = preSolution
		HideSolutionNode = FALSE
	EndGlobalSection
																																								GlobalSection(MonoDevelopProperties) = preSolution
		StartupItem = Assembly-CSharp.csproj
		Policies = $0
		$0.TextStylePolicy = $1
		$1.inheritsSet = null
		$1.scope = text/x-csharp
		$0.CSharpFormattingPolicy = $2
		$2.inheritsSet = Mono
		$2.inheritsScope = text/x-csharp
		$2.scope = text/x-csharp
		$0.TextStylePolicy = $3
		$3.FileWidth = 120
		$3.TabWidth = 4
		$3.IndentWidth = 4
		$3.EolMarker = Unix
		$3.inheritsSet = Mono
		$3.inheritsScope = text/plain
		$3.scope = text/plain
	EndGlobalSection

EndGlobal
